{
  "name": "css2less-webapp",
  "version": "1.0.0",
  "lockfileVersion": 1,
  "requires": true,
  "dependencies": {
    "css2less": {
      "version": "0.1.4",
      "resolved": "https://registry.npmjs.org/css2less/-/css2less-0.1.4.tgz",
      "integrity": "sha1-E6J3N3GtaAcERgQW8+z3lP7fbQg=",
      "dev": true
    }
  }
}
